
Microsoft Visual Studio Solution File, Format Version 12.00
# Visual Studio Version 16
VisualStudioVersion = 16.0.29009.5
MinimumVisualStudioVersion = 10.0.40219.1
Project("{FAE04EC0-301F-11D3-BF4B-00C04F79EFBC}") = "ProjetoDemo", "ProjetoDemo\ProjetoDemo.csproj", "{AB6D3802-4A71-4A20-BAE8-4CCB0718613E}"
EndProject
Global
	GlobalSection(SolutionConfigurationPlatforms) = preSolution
		Debug|Any CPU = Debug|Any CPU
		Release|Any CPU = Release|Any CPU
	EndGlobalSection
	GlobalSection(ProjectConfigurationPlatforms) = postSolution
		{AB6D3802-4A71-4A20-BAE8-4CCB0718613E}.Debug|Any CPU.ActiveCfg = Debug|Any CPU
		{AB6D3802-4A71-4A20-BAE8-4CCB0718613E}.Debug|Any CPU.Build.0 = Debug|Any CPU
		{AB6D3802-4A71-4A20-BAE8-4CCB0718613E}.Release|Any CPU.ActiveCfg = Release|Any CPU
		{AB6D3802-4A71-4A20-BAE8-4CCB0718613E}.Release|Any CPU.Build.0 = Release|Any CPU
	EndGlobalSection
	GlobalSection(SolutionProperties) = preSolution
		HideSolutionNode = FALSE
	EndGlobalSection
	GlobalSection(ExtensibilityGlobals) = postSolution
		SolutionGuid = {7B35102C-205C-4671-916D-9CA17777E14A}
	EndGlobalSection
EndGlobal
